<?xml version="1.0" encoding="utf-8"?>
<Project ToolsVersion="4.0" xmlns="http://schemas.microsoft.com/developer/msbuild/2003">
  <ItemGroup>
    <Filter Include="Source Files">
      <UniqueIdentifier>{593b0357-602d-4b1d-ab27-417fc36df07b}</UniqueIdentifier>
      <Extensions>cpp;c;cxx;rc;def;r;odl;idl;hpj;bat</Extensions>
    </Filter>
    <Filter Include="Header Files">
      <UniqueIdentifier>{0af8d73e-4a16-4cfa-8c70-3af47d91c86c}</UniqueIdentifier>
      <Extensions>h;hpp;hxx;hm;inl</Extensions>
    </Filter>
    <Filter Include="AutoGenerates">
      <UniqueIdentifier>{9f7ec1b4-36d6-49d3-813c-3c00b6a7c5ae}</UniqueIdentifier>
      <Extensions>exe;dll;pdb;lib</Extensions>
    </Filter>
    <Filter Include="include">
      <UniqueIdentifier>{4c29ed11-2d1e-4571-a3c1-21f4b665a9b4}</UniqueIdentifier>
    </Filter>
    <Filter Include="Resource Files">
      <UniqueIdentifier>{7990c442-ca6c-4b78-a6c2-8bf267ed5f5a}</UniqueIdentifier>
      <Extensions>ico;cur;bmp;dlg;rc2;rct;bin;rgs;gif;jpg;jpeg;jpe</Extensions>
    </Filter>
    <Filter Include="Output">
      <UniqueIdentifier>{8daeb4d5-1d59-430c-81e6-223b05868feb}</UniqueIdentifier>
    </Filter>
    <Filter Include="Output\win32">
      <UniqueIdentifier>{91e11b0a-6f92-41e7-a48d-224756a9f7a6}</UniqueIdentifier>
    </Filter>
    <Filter Include="Output\x64">
      <UniqueIdentifier>{8691c76f-1852-48b4-ba25-9599d6a577fc}</UniqueIdentifier>
    </Filter>
  </ItemGroup>
  <ItemGroup>
    <ClCompile Include="Ball.cpp">
      <Filter>Source Files</Filter>
    </ClCompile>
    <ClCompile Include="Ball_Blue.cpp">
      <Filter>Source Files</Filter>
    </ClCompile>
    <ClCompile Include="Ballpark.cpp">
      <Filter>Source Files</Filter>
    </ClCompile>
    <ClCompile Include="Box.cpp">
      <Filter>Source Files</Filter>
    </ClCompile>
    <ClCompile Include="destiny.cpp">
      <Filter>Source Files</Filter>
    </ClCompile>
    <ClCompile Include="DstConstants.cpp">
      <Filter>Source Files</Filter>
    </ClCompile>
    <ClCompile Include="erf.cpp">
      <Filter>Source Files</Filter>
    </ClCompile>
    <ClCompile Include="MiniBall.cpp">
      <Filter>Source Files</Filter>
    </ClCompile>
    <ClCompile Include="Partition.cpp">
      <Filter>Source Files</Filter>
    </ClCompile>
    <ClCompile Include="Random.cpp">
      <Filter>Source Files</Filter>
    </ClCompile>
    <ClCompile Include="StdAfx.cpp">
      <Filter>Source Files</Filter>
    </ClCompile>
    <ClCompile Include="Thunkers.cpp">
      <Filter>Source Files</Filter>
    </ClCompile>
    <ClCompile Include="Treap.cpp">
      <Filter>Source Files</Filter>
    </ClCompile>
    <ClCompile Include="include\destinyId.cxx">
      <Filter>include</Filter>
    </ClCompile>
    <ClCompile Include="Ballpark_Blue.cpp">
      <Filter>Source Files</Filter>
    </ClCompile>
    <ClCompile Include="Miniball_Blue.cpp">
      <Filter>Source Files</Filter>
    </ClCompile>
  </ItemGroup>
  <ItemGroup>
    <ClInclude Include="Ball.h">
      <Filter>Header Files</Filter>
    </ClInclude>
    <ClInclude Include="Ballpark.h">
      <Filter>Header Files</Filter>
    </ClInclude>
    <ClInclude Include="Box.h">
      <Filter>Header Files</Filter>
    </ClInclude>
    <ClInclude Include="DstConstants.h">
      <Filter>Header Files</Filter>
    </ClInclude>
    <ClInclude Include="MapOfBalls.h">
      <Filter>Header Files</Filter>
    </ClInclude>
    <ClInclude Include="MapOfLongs.h">
      <Filter>Header Files</Filter>
    </ClInclude>
    <ClInclude Include="MiniBall.h">
      <Filter>Header Files</Filter>
    </ClInclude>
    <ClInclude Include="Partition.h">
      <Filter>Header Files</Filter>
    </ClInclude>
    <ClInclude Include="Random.h">
      <Filter>Header Files</Filter>
    </ClInclude>
    <ClInclude Include="resource.h">
      <Filter>Header Files</Filter>
    </ClInclude>
    <ClInclude Include="StdAfx.h">
      <Filter>Header Files</Filter>
    </ClInclude>
    <ClInclude Include="Treap.h">
      <Filter>Header Files</Filter>
    </ClInclude>
    <ClInclude Include="Vector3.h">
      <Filter>Header Files</Filter>
    </ClInclude>
    <ClInclude Include="Vector3d.h">
      <Filter>Header Files</Filter>
    </ClInclude>
    <ClInclude Include="include\destinyId.h">
      <Filter>include</Filter>
    </ClInclude>
    <ClInclude Include="include\IBall.h">
      <Filter>include</Filter>
    </ClInclude>
    <ClInclude Include="include\IDstConstants.h">
      <Filter>include</Filter>
    </ClInclude>
    <ClInclude Include="include\Quaternion.h">
      <Filter>include</Filter>
    </ClInclude>
    <ClInclude Include="version.h">
      <Filter>Resource Files</Filter>
    </ClInclude>
    <ClInclude Include="Quaternion.h">
      <Filter>Header Files</Filter>
    </ClInclude>
  </ItemGroup>
  <ItemGroup>
    <None Include="destiny.dll">
      <Filter>AutoGenerates</Filter>
    </None>
    <None Include="destiny.pdb">
      <Filter>AutoGenerates</Filter>
    </None>
    <None Include="destiny_d.dll">
      <Filter>AutoGenerates</Filter>
    </None>
    <None Include="destiny_d.pdb">
      <Filter>AutoGenerates</Filter>
    </None>
    <None Include="ReadMe.txt" />
  </ItemGroup>
  <ItemGroup>
    <ResourceCompile Include="destiny.rc">
      <Filter>Resource Files</Filter>
    </ResourceCompile>
  </ItemGroup>
  <ItemGroup>
    <CustomBuildStep Include="..\..\autobuild\win32\destiny.dll">
      <Filter>Output\win32</Filter>
    </CustomBuildStep>
    <CustomBuildStep Include="..\..\autobuild\win32\destiny.pdb">
      <Filter>Output\win32</Filter>
    </CustomBuildStep>
    <CustomBuildStep Include="..\..\autobuild\win32\destiny_d.dll">
      <Filter>Output\win32</Filter>
    </CustomBuildStep>
    <CustomBuildStep Include="..\..\autobuild\win32\destiny_d.pdb">
      <Filter>Output\win32</Filter>
    </CustomBuildStep>
    <CustomBuildStep Include="..\..\autobuild\x64\destiny.dll">
      <Filter>Output\x64</Filter>
    </CustomBuildStep>
    <CustomBuildStep Include="..\..\autobuild\x64\destiny.pdb">
      <Filter>Output\x64</Filter>
    </CustomBuildStep>
    <CustomBuildStep Include="..\..\autobuild\x64\destiny_d.dll">
      <Filter>Output\x64</Filter>
    </CustomBuildStep>
    <CustomBuildStep Include="..\..\autobuild\x64\destiny_d.pdb">
      <Filter>Output\x64</Filter>
    </CustomBuildStep>
  </ItemGroup>
</Project>