<?xml version="1.0" encoding="utf-8"?>
<Project ToolsVersion="4.0" xmlns="http://schemas.microsoft.com/developer/msbuild/2003">
  <ItemGroup>
    <Filter Include="Resource Files"/>
    <Filter Include="Source Files"/>
    <Filter Include="Source Files\include"/>
  </ItemGroup>
  <ItemGroup>
    <ClInclude Include="autoversion.h">
      <Filter>Source Files</Filter>
    </ClInclude>
    <ClInclude Include="Ball.h">
      <Filter>Source Files</Filter>
    </ClInclude>
    <ClInclude Include="Ballpark.h">
      <Filter>Source Files</Filter>
    </ClInclude>
    <ClInclude Include="Box.h">
      <Filter>Source Files</Filter>
    </ClInclude>
    <ClInclude Include="BoxShape.h">
      <Filter>Source Files</Filter>
    </ClInclude>
    <ClInclude Include="Capsule.h">
      <Filter>Source Files</Filter>
    </ClInclude>
    <ClInclude Include="Collision.h">
      <Filter>Source Files</Filter>
    </ClInclude>
    <ClInclude Include="DstConstants.h">
      <Filter>Source Files</Filter>
    </ClInclude>
    <ClInclude Include="Hashers.h">
      <Filter>Source Files</Filter>
    </ClInclude>
    <ClInclude Include="MapOfBalls.h">
      <Filter>Source Files</Filter>
    </ClInclude>
    <ClInclude Include="MapOfLongLongs.h">
      <Filter>Source Files</Filter>
    </ClInclude>
    <ClInclude Include="MiniBall.h">
      <Filter>Source Files</Filter>
    </ClInclude>
    <ClInclude Include="MiniBox.h">
      <Filter>Source Files</Filter>
    </ClInclude>
    <ClInclude Include="MiniCapsule.h">
      <Filter>Source Files</Filter>
    </ClInclude>
    <ClInclude Include="OrientedBox.h">
      <Filter>Source Files</Filter>
    </ClInclude>
    <ClInclude Include="Partition.h">
      <Filter>Source Files</Filter>
    </ClInclude>
    <ClInclude Include="Partitionable.h">
      <Filter>Source Files</Filter>
    </ClInclude>
    <ClInclude Include="Plane.h">
      <Filter>Source Files</Filter>
    </ClInclude>
    <ClInclude Include="Quaternion.h">
      <Filter>Source Files</Filter>
    </ClInclude>
    <ClInclude Include="Random.h">
      <Filter>Source Files</Filter>
    </ClInclude>
    <ClInclude Include="resource.h">
      <Filter>Source Files</Filter>
    </ClInclude>
    <ClInclude Include="StaticCollidable.h">
      <Filter>Source Files</Filter>
    </ClInclude>
    <ClInclude Include="StdAfx.h">
      <Filter>Source Files</Filter>
    </ClInclude>
    <ClInclude Include="Triangle.h">
      <Filter>Source Files</Filter>
    </ClInclude>
    <ClInclude Include="Vector3.h">
      <Filter>Source Files</Filter>
    </ClInclude>
    <ClInclude Include="Vector3d.h">
      <Filter>Source Files</Filter>
    </ClInclude>
    <ClInclude Include="version.h">
      <Filter>Source Files</Filter>
    </ClInclude>
    <ClInclude Include="include\destinyId.h">
      <Filter>Source Files\include</Filter>
    </ClInclude>
    <ClInclude Include="include\IBall.h">
      <Filter>Source Files\include</Filter>
    </ClInclude>
    <ClInclude Include="include\IDstConstants.h">
      <Filter>Source Files\include</Filter>
    </ClInclude>
    <ClInclude Include="include\Quaternion.h">
      <Filter>Source Files\include</Filter>
    </ClInclude>
    <ClCompile Include="Ball.cpp">
      <Filter>Source Files</Filter>
    </ClCompile>
    <ClCompile Include="Ballpark.cpp">
      <Filter>Source Files</Filter>
    </ClCompile>
    <ClCompile Include="Ballpark_Blue.cpp">
      <Filter>Source Files</Filter>
    </ClCompile>
    <ClCompile Include="Ball_Blue.cpp">
      <Filter>Source Files</Filter>
    </ClCompile>
    <ClCompile Include="Box.cpp">
      <Filter>Source Files</Filter>
    </ClCompile>
    <ClCompile Include="BoxShape.cpp">
      <Filter>Source Files</Filter>
    </ClCompile>
    <ClCompile Include="Capsule.cpp">
      <Filter>Source Files</Filter>
    </ClCompile>
    <ClCompile Include="Capsule_Blue.cpp">
      <Filter>Source Files</Filter>
    </ClCompile>
    <ClCompile Include="Collision.cpp">
      <Filter>Source Files</Filter>
    </ClCompile>
    <ClCompile Include="destiny.cpp">
      <Filter>Source Files</Filter>
    </ClCompile>
    <ClCompile Include="DstConstants.cpp">
      <Filter>Source Files</Filter>
    </ClCompile>
    <ClCompile Include="erf.cpp">
      <Filter>Source Files</Filter>
    </ClCompile>
    <ClCompile Include="MiniBall.cpp">
      <Filter>Source Files</Filter>
    </ClCompile>
    <ClCompile Include="Miniball_Blue.cpp">
      <Filter>Source Files</Filter>
    </ClCompile>
    <ClCompile Include="MiniBox.cpp">
      <Filter>Source Files</Filter>
    </ClCompile>
    <ClCompile Include="MiniBox_Blue.cpp">
      <Filter>Source Files</Filter>
    </ClCompile>
    <ClCompile Include="MiniCapsule.cpp">
      <Filter>Source Files</Filter>
    </ClCompile>
    <ClCompile Include="MiniCapsule_Blue.cpp">
      <Filter>Source Files</Filter>
    </ClCompile>
    <ClCompile Include="OrientedBox.cpp">
      <Filter>Source Files</Filter>
    </ClCompile>
    <ClCompile Include="OrientedBox_Blue.cpp">
      <Filter>Source Files</Filter>
    </ClCompile>
    <ClCompile Include="Partition.cpp">
      <Filter>Source Files</Filter>
    </ClCompile>
    <ClCompile Include="Partitionable.cpp">
      <Filter>Source Files</Filter>
    </ClCompile>
    <ClCompile Include="Plane.cpp">
      <Filter>Source Files</Filter>
    </ClCompile>
    <ClCompile Include="Random.cpp">
      <Filter>Source Files</Filter>
    </ClCompile>
    <ClCompile Include="StaticCollidable.cpp">
      <Filter>Source Files</Filter>
    </ClCompile>
    <ClCompile Include="StdAfx.cpp">
      <Filter>Source Files</Filter>
    </ClCompile>
    <ClCompile Include="Thunkers.cpp">
      <Filter>Source Files</Filter>
    </ClCompile>
    <ClCompile Include="Triangle.cpp">
      <Filter>Source Files</Filter>
    </ClCompile>
    <ResourceCompile Include="destiny.rc">
      <Filter>Resource Files</Filter>
    </ResourceCompile>
  </ItemGroup>
</Project>
